
Microsoft Visual Studio Solution File, Format Version 12.00
# Visual Studio Version 16
VisualStudioVersion = 16.0.808.10
MinimumVisualStudioVersion = 10.0.40219.1
Project("{FAE04EC0-301F-11D3-BF4B-00C04F79EFBC}") = "Logging", "Logging\Logging.csproj", "{C6E4F81B-AE9A-45C1-8CF3-B35AD9FF2D23}"
EndProject
Global
	GlobalSection(SolutionConfigurationPlatforms) = preSolution
		Debug|Any CPU = Debug|Any CPU
		Release|Any CPU = Release|Any CPU
	EndGlobalSection
	GlobalSection(ProjectConfigurationPlatforms) = postSolution
		{C6E4F81B-AE9A-45C1-8CF3-B35AD9FF2D23}.Debug|Any CPU.ActiveCfg = Debug|Any CPU
		{C6E4F81B-AE9A-45C1-8CF3-B35AD9FF2D23}.Debug|Any CPU.Build.0 = Debug|Any CPU
		{C6E4F81B-AE9A-45C1-8CF3-B35AD9FF2D23}.Release|Any CPU.ActiveCfg = Release|Any CPU
		{C6E4F81B-AE9A-45C1-8CF3-B35AD9FF2D23}.Release|Any CPU.Build.0 = Release|Any CPU
	EndGlobalSection
	GlobalSection(SolutionProperties) = preSolution
		HideSolutionNode = FALSE
	EndGlobalSection
	GlobalSection(ExtensibilityGlobals) = postSolution
		SolutionGuid = {8A59029C-1109-46F4-8673-500309B4EA94}
	EndGlobalSection
EndGlobal
