
Microsoft Visual Studio Solution File, Format Version 12.00
# Visual Studio Version 16
VisualStudioVersion = 16.0.31025.194
MinimumVisualStudioVersion = 10.0.40219.1
Project("{FAE04EC0-301F-11D3-BF4B-00C04F79EFBC}") = "CarInsurance", "CarInsurance\CarInsurance.csproj", "{20E3FC5D-7856-499D-A2B0-F04C5E9A6F57}"
EndProject
Global
	GlobalSection(SolutionConfigurationPlatforms) = preSolution
		Debug|Any CPU = Debug|Any CPU
		Release|Any CPU = Release|Any CPU
	EndGlobalSection
	GlobalSection(ProjectConfigurationPlatforms) = postSolution
		{20E3FC5D-7856-499D-A2B0-F04C5E9A6F57}.Debug|Any CPU.ActiveCfg = Debug|Any CPU
		{20E3FC5D-7856-499D-A2B0-F04C5E9A6F57}.Debug|Any CPU.Build.0 = Debug|Any CPU
		{20E3FC5D-7856-499D-A2B0-F04C5E9A6F57}.Release|Any CPU.ActiveCfg = Release|Any CPU
		{20E3FC5D-7856-499D-A2B0-F04C5E9A6F57}.Release|Any CPU.Build.0 = Release|Any CPU
	EndGlobalSection
	GlobalSection(SolutionProperties) = preSolution
		HideSolutionNode = FALSE
	EndGlobalSection
	GlobalSection(ExtensibilityGlobals) = postSolution
		SolutionGuid = {F8F944F0-4780-4754-A85B-A9364B85D7AF}
	EndGlobalSection
EndGlobal
