
Microsoft Visual Studio Solution File, Format Version 12.00
# Visual Studio Version 16
VisualStudioVersion = 16.0.808.10
MinimumVisualStudioVersion = 10.0.40219.1
Project("{FAE04EC0-301F-11D3-BF4B-00C04F79EFBC}") = "WebApp", "WebApp.csproj", "{22B83DD7-3872-4356-8690-7AE32002FBA1}"
EndProject
Global
	GlobalSection(SolutionConfigurationPlatforms) = preSolution
		Debug|Any CPU = Debug|Any CPU
		Release|Any CPU = Release|Any CPU
	EndGlobalSection
	GlobalSection(ProjectConfigurationPlatforms) = postSolution
		{22B83DD7-3872-4356-8690-7AE32002FBA1}.Debug|Any CPU.ActiveCfg = Debug|Any CPU
		{22B83DD7-3872-4356-8690-7AE32002FBA1}.Debug|Any CPU.Build.0 = Debug|Any CPU
		{22B83DD7-3872-4356-8690-7AE32002FBA1}.Release|Any CPU.ActiveCfg = Release|Any CPU
		{22B83DD7-3872-4356-8690-7AE32002FBA1}.Release|Any CPU.Build.0 = Release|Any CPU
	EndGlobalSection
	GlobalSection(SolutionProperties) = preSolution
		HideSolutionNode = FALSE
	EndGlobalSection
	GlobalSection(ExtensibilityGlobals) = postSolution
		SolutionGuid = {C4E043DB-1590-421B-BE7F-D80F8F8525C6}
	EndGlobalSection
EndGlobal
